{
  "name": "node_intro",
  "version": "1.0.0",
  "lockfileVersion": 1,
  "requires": true,
  "dependencies": {
    "nexus-usman": {
      "version": "1.0.1",
      "resolved": "https://registry.npmjs.org/nexus-usman/-/nexus-usman-1.0.1.tgz",
      "integrity": "sha512-8iiUk230hPNtpYkWkxozrfjSYy3m3Rd5V6S2v6xr2GDpuyo+z68ZH+UImdCsNFExxAmK9JWIk7wgG1ymv622CQ=="
    }
  }
}
